// !$*UTF8*$!
{
	archiveVersion = 1;
	classes = {
	};
	objectVersion = 48;
	objects = {

/* Begin PBXBuildFile section */
		14F24A0B20AD163A00296186 /* AppDelegate.swift in Sources */ = {isa = PBXBuildFile; fileRef = 14F24A0A20AD163A00296186 /* AppDelegate.swift */; };
		14F24A1020AD163A00296186 /* Main.storyboard in Resources */ = {isa = PBXBuildFile; fileRef = 14F24A0E20AD163A00296186 /* Main.storyboard */; };
		14F24A1220AD163A00296186 /* Assets.xcassets in Resources */ = {isa = PBXBuildFile; fileRef = 14F24A1120AD163A00296186 /* Assets.xcassets */; };
		14F24A1520AD163A00296186 /* LaunchScreen.storyboard in Resources */ = {isa = PBXBuildFile; fileRef = 14F24A1320AD163A00296186 /* LaunchScreen.storyboard */; };
		14F24A1D20AD1F9500296186 /* FoodFinderTableViewController.swift in Sources */ = {isa = PBXBuildFile; fileRef = 14F24A1C20AD1F9500296186 /* FoodFinderTableViewController.swift */; };
		14F24A1F20AD200500296186 /* FoodFinderTableViewCell.swift in Sources */ = {isa = PBXBuildFile; fileRef = 14F24A1E20AD200500296186 /* FoodFinderTableViewCell.swift */; };
/* End PBXBuildFile section */

/* Begin PBXFileReference section */
		14F24A0720AD163A00296186 /* DIT Food Finder.app */ = {isa = PBXFileReference; explicitFileType = wrapper.application; includeInIndex = 0; path = "DIT Food Finder.app"; sourceTree = BUILT_PRODUCTS_DIR; };
		14F24A0A20AD163A00296186 /* AppDelegate.swift */ = {isa = PBXFileReference; lastKnownFileType = sourcecode.swift; path = AppDelegate.swift; sourceTree = "<group>"; };
		14F24A0F20AD163A00296186 /* Base */ = {isa = PBXFileReference; lastKnownFileType = file.storyboard; name = Base; path = Base.lproj/Main.storyboard; sourceTree = "<group>"; };
		14F24A1120AD163A00296186 /* Assets.xcassets */ = {isa = PBXFileReference; lastKnownFileType = folder.assetcatalog; path = Assets.xcassets; sourceTree = "<group>"; };
		14F24A1420AD163A00296186 /* Base */ = {isa = PBXFileReference; lastKnownFileType = file.storyboard; name = Base; path = Base.lproj/LaunchScreen.storyboard; sourceTree = "<group>"; };
		14F24A1620AD163A00296186 /* Info.plist */ = {isa = PBXFileReference; lastKnownFileType = text.plist.xml; path = Info.plist; sourceTree = "<group>"; };
		14F24A1C20AD1F9500296186 /* FoodFinderTableViewController.swift */ = {isa = PBXFileReference; lastKnownFileType = sourcecode.swift; path = FoodFinderTableViewController.swift; sourceTree = "<group>"; };
		14F24A1E20AD200500296186 /* FoodFinderTableViewCell.swift */ = {isa = PBXFileReference; lastKnownFileType = sourcecode.swift; path = FoodFinderTableViewCell.swift; sourceTree = "<group>"; };
/* End PBXFileReference section */

/* Begin PBXFrameworksBuildPhase section */
		14F24A0420AD163A00296186 /* Frameworks */ = {
			isa = PBXFrameworksBuildPhase;
			buildActionMask = 2147483647;
			files = (
			);
			runOnlyForDeploymentPostprocessing = 0;
		};
/* End PBXFrameworksBuildPhase section */

/* Begin PBXGroup section */
		14F249FE20AD163A00296186 = {
			isa = PBXGroup;
			children = (
				14F24A0920AD163A00296186 /* DIT Food Finder */,
				14F24A0820AD163A00296186 /* Products */,
			);
			sourceTree = "<group>";
		};
		14F24A0820AD163A00296186 /* Products */ = {
			isa = PBXGroup;
			children = (
				14F24A0720AD163A00296186 /* DIT Food Finder.app */,
			);
			name = Products;
			sourceTree = "<group>";
		};
		14F24A0920AD163A00296186 /* DIT Food Finder */ = {
			isa = PBXGroup;
			children = (
				14F24A1C20AD1F9500296186 /* FoodFinderTableViewController.swift */,
				14F24A0A20AD163A00296186 /* AppDelegate.swift */,
				14F24A0E20AD163A00296186 /* Main.storyboard */,
				14F24A1E20AD200500296186 /* FoodFinderTableViewCell.swift */,
				14F24A1120AD163A00296186 /* Assets.xcassets */,
				14F24A1320AD163A00296186 /* LaunchScreen.storyboard */,
				14F24A1620AD163A00296186 /* Info.plist */,
			);
			path = "DIT Food Finder";
			sourceTree = "<group>";
		};
/* End PBXGroup section */

/* Begin PBXNativeTarget section */
		14F24A0620AD163A00296186 /* DIT Food Finder */ = {
			isa = PBXNativeTarget;
			buildConfigurationList = 14F24A1920AD163A00296186 /* Build configuration list for PBXNativeTarget "DIT Food Finder" */;
			buildPhases = (
				14F24A0320AD163A00296186 /* Sources */,
				14F24A0420AD163A00296186 /* Frameworks */,
				14F24A0520AD163A00296186 /* Resources */,
			);
			buildRules = (
			);
			dependencies = (
			);
			name = "DIT Food Finder";
			productName = "DIT Food Finder";
			productReference = 14F24A0720AD163A00296186 /* DIT Food Finder.app */;
			productType = "com.apple.product-type.application";
		};
/* End PBXNativeTarget section */

/* Begin PBXProject section */
		14F249FF20AD163A00296186 /* Project object */ = {
			isa = PBXProject;
			attributes = {
				LastSwiftUpdateCheck = 0920;
				LastUpgradeCheck = 0920;
				ORGANIZATIONNAME = jik;
				TargetAttributes = {
					14F24A0620AD163A00296186 = {
						CreatedOnToolsVersion = 9.2;
						ProvisioningStyle = Automatic;
					};
				};
			};
			buildConfigurationList = 14F24A0220AD163A00296186 /* Build configuration list for PBXProject "DIT Food Finder" */;
			compatibilityVersion = "Xcode 8.0";
			developmentRegion = en;
			hasScannedForEncodings = 0;
			knownRegions = (
				en,
				Base,
			);
			mainGroup = 14F249FE20AD163A00296186;
			productRefGroup = 14F24A0820AD163A00296186 /* Products */;
			projectDirPath = "";
			projectRoot = "";
			targets = (
				14F24A0620AD163A00296186 /* DIT Food Finder */,
			);
		};
/* End PBXProject section */

/* Begin PBXResourcesBuildPhase section */
		14F24A0520AD163A00296186 /* Resources */ = {
			isa = PBXResourcesBuildPhase;
			buildActionMask = 2147483647;
			files = (
				14F24A1520AD163A00296186 /* LaunchScreen.storyboard in Resources */,
				14F24A1220AD163A00296186 /* Assets.xcassets in Resources */,
				14F24A1020AD163A00296186 /* Main.storyboard in Resources */,
			);
			runOnlyForDeploymentPostprocessing = 0;
		};
/* End PBXResourcesBuildPhase section */

/* Begin PBXSourcesBuildPhase section */
		14F24A0320AD163A00296186 /* Sources */ = {
			isa = PBXSourcesBuildPhase;
			buildActionMask = 2147483647;
			files = (
				14F24A1F20AD200500296186 /* FoodFinderTableViewCell.swift in Sources */,
				14F24A0B20AD163A00296186 /* AppDelegate.swift in Sources */,
				14F24A1D20AD1F9500296186 /* FoodFinderTableViewController.swift in Sources */,
			);
			runOnlyForDeploymentPostprocessing = 0;
		};
/* End PBXSourcesBuildPhase section */

/* Begin PBXVariantGroup section */
		14F24A0E20AD163A00296186 /* Main.storyboard */ = {
			isa = PBXVariantGroup;
			children = (
				14F24A0F20AD163A00296186 /* Base */,
			);
			name = Main.storyboard;
			sourceTree = "<group>";
		};
		14F24A1320AD163A00296186 /* LaunchScreen.storyboard */ = {
			isa = PBXVariantGroup;
			children = (
				14F24A1420AD163A00296186 /* Base */,
			);
			name = LaunchScreen.storyboard;
			sourceTree = "<group>";
		};
/* End PBXVariantGroup section */

/* Begin XCBuildConfiguration section */
		14F24A1720AD163A00296186 /* Debug */ = {
			isa = XCBuildConfiguration;
			buildSettings = {
				ALWAYS_SEARCH_USER_PATHS = NO;
				CLANG_ANALYZER_NONNULL = YES;
				CLANG_ANALYZER_NUMBER_OBJECT_CONVERSION = YES_AGGRESSIVE;
				CLANG_CXX_LANGUAGE_STANDARD = "gnu++14";
				CLANG_CXX_LIBRARY = "libc++";
				CLANG_ENABLE_MODULES = YES;
				CLANG_ENABLE_OBJC_ARC = YES;
				CLANG_WARN_BLOCK_CAPTURE_AUTORELEASING = YES;
				CLANG_WARN_BOOL_CONVERSION = YES;
				CLANG_WARN_COMMA = YES;
				CLANG_WARN_CONSTANT_CONVERSION = YES;
				CLANG_WARN_DIRECT_OBJC_ISA_USAGE = YES_ERROR;
				CLANG_WARN_DOCUMENTATION_COMMENTS = YES;
				CLANG_WARN_EMPTY_BODY = YES;
				CLANG_WARN_ENUM_CONVERSION = YES;
				CLANG_WARN_INFINITE_RECURSION = YES;
				CLANG_WARN_INT_CONVERSION = YES;
				CLANG_WARN_NON_LITERAL_NULL_CONVERSION = YES;
				CLANG_WARN_OBJC_LITERAL_CONVERSION = YES;
				CLANG_WARN_OBJC_ROOT_CLASS = YES_ERROR;
				CLANG_WARN_RANGE_LOOP_ANALYSIS = YES;
				CLANG_WARN_STRICT_PROTOTYPES = YES;
				CLANG_WARN_SUSPICIOUS_MOVE = YES;
				CLANG_WARN_UNGUARDED_AVAILABILITY = YES_AGGRESSIVE;
				CLANG_WARN_UNREACHABLE_CODE = YES;
				CLANG_WARN__DUPLICATE_METHOD_MATCH = YES;
				CODE_SIGN_IDENTITY = "iPhone Developer";
				COPY_PHASE_STRIP = NO;
				DEBUG_INFORMATION_FORMAT = dwarf;
				ENABLE_STRICT_OBJC_MSGSEND = YES;
				ENABLE_TESTABILITY = YES;
				GCC_C_LANGUAGE_STANDARD = gnu11;
				GCC_DYNAMIC_NO_PIC = NO;
				GCC_NO_COMMON_BLOCKS = YES;
				GCC_OPTIMIZATION_LEVEL = 0;
				GCC_PREPROCESSOR_DEFINITIONS = (
					"DEBUG=1",
					"$(inherited)",
				);
				GCC_WARN_64_TO_32_BIT_CONVERSION = YES;
				GCC_WARN_ABOUT_RETURN_TYPE = YES_ERROR;
				GCC_WARN_UNDECLARED_SELECTOR = YES;
				GCC_WARN_UNINITIALIZED_AUTOS = YES_AGGRESSIVE;
				GCC_WARN_UNUSED_FUNCTION = YES;
				GCC_WARN_UNUSED_VARIABLE = YES;
				IPHONEOS_DEPLOYMENT_TARGET = 11.2;
				MTL_ENABLE_DEBUG_INFO = YES;
				ONLY_ACTIVE_ARCH = YES;
				SDKROOT = iphoneos;
				SWIFT_ACTIVE_COMPILATION_CONDITIONS = DEBUG;
				SWIFT_OPTIMIZATION_LEVEL = "-Onone";
			};
			name = Debug;
		};
		14F24A1820AD163A00296186 /* Release */ = {
			isa = XCBuildConfiguration;
			buildSettings = {
				ALWAYS_SEARCH_USER_PATHS = NO;
				CLANG_ANALYZER_NONNULL = YES;
				CLANG_ANALYZER_NUMBER_OBJECT_CONVERSION = YES_AGGRESSIVE;
				CLANG_CXX_LANGUAGE_STANDARD = "gnu++14";
				CLANG_CXX_LIBRARY = "libc++";
				CLANG_ENABLE_MODULES = YES;
				CLANG_ENABLE_OBJC_ARC = YES;
				CLANG_WARN_BLOCK_CAPTURE_AUTORELEASING = YES;
				CLANG_WARN_BOOL_CONVERSION = YES;
				CLANG_WARN_COMMA = YES;
				CLANG_WARN_CONSTANT_CONVERSION = YES;
				CLANG_WARN_DIRECT_OBJC_ISA_USAGE = YES_ERROR;
				CLANG_WARN_DOCUMENTATION_COMMENTS = YES;
				CLANG_WARN_EMPTY_BODY = YES;
				CLANG_WARN_ENUM_CONVERSION = YES;
				CLANG_WARN_INFINITE_RECURSION = YES;
				CLANG_WARN_INT_CONVERSION = YES;
				CLANG_WARN_NON_LITERAL_NULL_CONVERSION = YES;
				CLANG_WARN_OBJC_LITERAL_CONVERSION = YES;
				CLANG_WARN_OBJC_ROOT_CLASS = YES_ERROR;
				CLANG_WARN_RANGE_LOOP_ANALYSIS = YES;
				CLANG_WARN_STRICT_PROTOTYPES = YES;
				CLANG_WARN_SUSPICIOUS_MOVE = YES;
				CLANG_WARN_UNGUARDED_AVAILABILITY = YES_AGGRESSIVE;
				CLANG_WARN_UNREACHABLE_CODE = YES;
				CLANG_WARN__DUPLICATE_METHOD_MATCH = YES;
				CODE_SIGN_IDENTITY = "iPhone Developer";
				COPY_PHASE_STRIP = NO;
				DEBUG_INFORMATION_FORMAT = "dwarf-with-dsym";
				ENABLE_NS_ASSERTIONS = NO;
				ENABLE_STRICT_OBJC_MSGSEND = YES;
				GCC_C_LANGUAGE_STANDARD = gnu11;
				GCC_NO_COMMON_BLOCKS = YES;
				GCC_WARN_64_TO_32_BIT_CONVERSION = YES;
				GCC_WARN_ABOUT_RETURN_TYPE = YES_ERROR;
				GCC_WARN_UNDECLARED_SELECTOR = YES;
				GCC_WARN_UNINITIALIZED_AUTOS = YES_AGGRESSIVE;
				GCC_WARN_UNUSED_FUNCTION = YES;
				GCC_WARN_UNUSED_VARIABLE = YES;
				IPHONEOS_DEPLOYMENT_TARGET = 11.2;
				MTL_ENABLE_DEBUG_INFO = NO;
				SDKROOT = iphoneos;
				SWIFT_OPTIMIZATION_LEVEL = "-Owholemodule";
				VALIDATE_PRODUCT = YES;
			};
			name = Release;
		};
		14F24A1A20AD163A00296186 /* Debug */ = {
			isa = XCBuildConfiguration;
			buildSettings = {
				ASSETCATALOG_COMPILER_APPICON_NAME = AppIcon;
				CODE_SIGN_STYLE = Automatic;
				INFOPLIST_FILE = "DIT Food Finder/Info.plist";
				LD_RUNPATH_SEARCH_PATHS = "$(inherited) @executable_path/Frameworks";
				PRODUCT_BUNDLE_IDENTIFIER = "kr.ac.ditapps.DIT-Food-Finder";
				PRODUCT_NAME = "$(TARGET_NAME)";
				SWIFT_VERSION = 4.0;
				TARGETED_DEVICE_FAMILY = "1,2";
			};
			name = Debug;
		};
		14F24A1B20AD163A00296186 /* Release */ = {
			isa = XCBuildConfiguration;
			buildSettings = {
				ASSETCATALOG_COMPILER_APPICON_NAME = AppIcon;
				CODE_SIGN_STYLE = Automatic;
				INFOPLIST_FILE = "DIT Food Finder/Info.plist";
				LD_RUNPATH_SEARCH_PATHS = "$(inherited) @executable_path/Frameworks";
				PRODUCT_BUNDLE_IDENTIFIER = "kr.ac.ditapps.DIT-Food-Finder";
				PRODUCT_NAME = "$(TARGET_NAME)";
				SWIFT_VERSION = 4.0;
				TARGETED_DEVICE_FAMILY = "1,2";
			};
			name = Release;
		};
/* End XCBuildConfiguration section */

/* Begin XCConfigurationList section */
		14F24A0220AD163A00296186 /* Build configuration list for PBXProject "DIT Food Finder" */ = {
			isa = XCConfigurationList;
			buildConfigurations = (
				14F24A1720AD163A00296186 /* Debug */,
				14F24A1820AD163A00296186 /* Release */,
			);
			defaultConfigurationIsVisible = 0;
			defaultConfigurationName = Release;
		};
		14F24A1920AD163A00296186 /* Build configuration list for PBXNativeTarget "DIT Food Finder" */ = {
			isa = XCConfigurationList;
			buildConfigurations = (
				14F24A1A20AD163A00296186 /* Debug */,
				14F24A1B20AD163A00296186 /* Release */,
			);
			defaultConfigurationIsVisible = 0;
			defaultConfigurationName = Release;
		};
/* End XCConfigurationList section */
	};
	rootObject = 14F249FF20AD163A00296186 /* Project object */;
}
